
Microsoft Visual Studio Solution File, Format Version 12.00
# Visual Studio Version 17
VisualStudioVersion = 17.5.002.0
MinimumVisualStudioVersion = 10.0.40219.1
Project("{9A19103F-16F7-4668-BE54-9A1E7A4F7556}") = "ZealotServer", "ZealotServer.csproj", "{3179B4F5-A199-4827-B02C-960ABEFAA850}"
EndProject
Global
	GlobalSection(SolutionConfigurationPlatforms) = preSolution
		Debug|Any CPU = Debug|Any CPU
		Release|Any CPU = Release|Any CPU
	EndGlobalSection
	GlobalSection(ProjectConfigurationPlatforms) = postSolution
		{3179B4F5-A199-4827-B02C-960ABEFAA850}.Debug|Any CPU.ActiveCfg = Debug|Any CPU
		{3179B4F5-A199-4827-B02C-960ABEFAA850}.Debug|Any CPU.Build.0 = Debug|Any CPU
		{3179B4F5-A199-4827-B02C-960ABEFAA850}.Release|Any CPU.ActiveCfg = Release|Any CPU
		{3179B4F5-A199-4827-B02C-960ABEFAA850}.Release|Any CPU.Build.0 = Release|Any CPU
	EndGlobalSection
	GlobalSection(SolutionProperties) = preSolution
		HideSolutionNode = FALSE
	EndGlobalSection
	GlobalSection(ExtensibilityGlobals) = postSolution
		SolutionGuid = {B7DB1CB3-6644-4A09-A827-AA9645AFC1E8}
	EndGlobalSection
EndGlobal
